
Microsoft Visual Studio Solution File, Format Version 12.00
# Visual Studio Version 17
VisualStudioVersion = 17.0.32014.148
MinimumVisualStudioVersion = 10.0.40219.1
Project("{FAE04EC0-301F-11D3-BF4B-00C04F79EFBC}") = "ProjetosDotNet", "ProjetosDotNet\ProjetosDotNet.csproj", "{A9A7DE79-50BA-4D3F-82C0-850769B8B78C}"
EndProject
Global
	GlobalSection(SolutionConfigurationPlatforms) = preSolution
		Debug|Any CPU = Debug|Any CPU
		Release|Any CPU = Release|Any CPU
	EndGlobalSection
	GlobalSection(ProjectConfigurationPlatforms) = postSolution
		{A9A7DE79-50BA-4D3F-82C0-850769B8B78C}.Debug|Any CPU.ActiveCfg = Debug|Any CPU
		{A9A7DE79-50BA-4D3F-82C0-850769B8B78C}.Debug|Any CPU.Build.0 = Debug|Any CPU
		{A9A7DE79-50BA-4D3F-82C0-850769B8B78C}.Release|Any CPU.ActiveCfg = Release|Any CPU
		{A9A7DE79-50BA-4D3F-82C0-850769B8B78C}.Release|Any CPU.Build.0 = Release|Any CPU
	EndGlobalSection
	GlobalSection(SolutionProperties) = preSolution
		HideSolutionNode = FALSE
	EndGlobalSection
	GlobalSection(ExtensibilityGlobals) = postSolution
		SolutionGuid = {9113203C-DED8-4F1B-BF36-FAFAF5B56594}
	EndGlobalSection
EndGlobal
